
Microsoft Visual Studio Solution File, Format Version 12.00
# Visual Studio Version 17
VisualStudioVersion = 17.11.35208.52
MinimumVisualStudioVersion = 10.0.40219.1
Project("{9A19103F-16F7-4668-BE54-9A1E7A4F7556}") = "CreamsConsole-Utilities", "CreamsConsole-Utilities.csproj", "{5FA6CD6A-DA38-4E95-9AEE-7A116C9D011B}"
EndProject
Project("{9A19103F-16F7-4668-BE54-9A1E7A4F7556}") = "TableDemo", "..\Ansidemo\TableDemo.csproj", "{8C4FD766-5341-411D-ACDA-CA57767DB03C}"
EndProject
Project("{FAE04EC0-301F-11D3-BF4B-00C04F79EFBC}") = "consoleboxes", "..\consoleboxes\consoleboxes.csproj", "{6882ADFA-639E-46AB-AA48-5BBB16DCF326}"
EndProject
Global
	GlobalSection(SolutionConfigurationPlatforms) = preSolution
		Debug|Any CPU = Debug|Any CPU
		Release|Any CPU = Release|Any CPU
	EndGlobalSection
	GlobalSection(ProjectConfigurationPlatforms) = postSolution
		{5FA6CD6A-DA38-4E95-9AEE-7A116C9D011B}.Debug|Any CPU.ActiveCfg = Debug|Any CPU
		{5FA6CD6A-DA38-4E95-9AEE-7A116C9D011B}.Debug|Any CPU.Build.0 = Debug|Any CPU
		{5FA6CD6A-DA38-4E95-9AEE-7A116C9D011B}.Release|Any CPU.ActiveCfg = Release|Any CPU
		{5FA6CD6A-DA38-4E95-9AEE-7A116C9D011B}.Release|Any CPU.Build.0 = Release|Any CPU
		{8C4FD766-5341-411D-ACDA-CA57767DB03C}.Debug|Any CPU.ActiveCfg = Debug|Any CPU
		{8C4FD766-5341-411D-ACDA-CA57767DB03C}.Debug|Any CPU.Build.0 = Debug|Any CPU
		{8C4FD766-5341-411D-ACDA-CA57767DB03C}.Release|Any CPU.ActiveCfg = Release|Any CPU
		{8C4FD766-5341-411D-ACDA-CA57767DB03C}.Release|Any CPU.Build.0 = Release|Any CPU
		{6882ADFA-639E-46AB-AA48-5BBB16DCF326}.Debug|Any CPU.ActiveCfg = Debug|Any CPU
		{6882ADFA-639E-46AB-AA48-5BBB16DCF326}.Debug|Any CPU.Build.0 = Debug|Any CPU
		{6882ADFA-639E-46AB-AA48-5BBB16DCF326}.Release|Any CPU.ActiveCfg = Release|Any CPU
		{6882ADFA-639E-46AB-AA48-5BBB16DCF326}.Release|Any CPU.Build.0 = Release|Any CPU
	EndGlobalSection
	GlobalSection(SolutionProperties) = preSolution
		HideSolutionNode = FALSE
	EndGlobalSection
	GlobalSection(ExtensibilityGlobals) = postSolution
		SolutionGuid = {1DC8A0EC-2980-4054-BC12-0BFA217D07AF}
	EndGlobalSection
EndGlobal
