
Microsoft Visual Studio Solution File, Format Version 12.00
# Visual Studio Version 17
VisualStudioVersion = 17.11.35208.52
MinimumVisualStudioVersion = 10.0.40219.1
Project("{9A19103F-16F7-4668-BE54-9A1E7A4F7556}") = "CreamsConsole-Utilities", "CreamsConsole-Utilities.csproj", "{5FA6CD6A-DA38-4E95-9AEE-7A116C9D011B}"
EndProject
Project("{FAE04EC0-301F-11D3-BF4B-00C04F79EFBC}") = "consoledivs", "..\consoledivs\consoledivs.csproj", "{217C7557-E63D-49C2-884B-3CBCF1BD8965}"
EndProject
Project("{FAE04EC0-301F-11D3-BF4B-00C04F79EFBC}") = "boxwrite test", "..\boxwrite test\boxwrite test.csproj", "{9FAD29D8-BCE5-445B-85B7-67121BA9E193}"
	ProjectSection(ProjectDependencies) = postProject
		{5FA6CD6A-DA38-4E95-9AEE-7A116C9D011B} = {5FA6CD6A-DA38-4E95-9AEE-7A116C9D011B}
	EndProjectSection
EndProject
Project("{2150E333-8FDC-42A3-9474-1A3956D46DE8}") = "PROJECTS", "PROJECTS", "{7DDDF991-314B-42F6-A2FE-F6398FD22A32}"
EndProject
Project("{FAE04EC0-301F-11D3-BF4B-00C04F79EFBC}") = "testing", "projects\testing\testing\testing.csproj", "{8BBEEDF4-A040-4384-886A-389EEE286C55}"
EndProject
Global
	GlobalSection(SolutionConfigurationPlatforms) = preSolution
		Debug|Any CPU = Debug|Any CPU
		Release|Any CPU = Release|Any CPU
	EndGlobalSection
	GlobalSection(ProjectConfigurationPlatforms) = postSolution
		{5FA6CD6A-DA38-4E95-9AEE-7A116C9D011B}.Debug|Any CPU.ActiveCfg = Debug|Any CPU
		{5FA6CD6A-DA38-4E95-9AEE-7A116C9D011B}.Debug|Any CPU.Build.0 = Debug|Any CPU
		{5FA6CD6A-DA38-4E95-9AEE-7A116C9D011B}.Release|Any CPU.ActiveCfg = Release|Any CPU
		{5FA6CD6A-DA38-4E95-9AEE-7A116C9D011B}.Release|Any CPU.Build.0 = Release|Any CPU
		{217C7557-E63D-49C2-884B-3CBCF1BD8965}.Debug|Any CPU.ActiveCfg = Debug|Any CPU
		{217C7557-E63D-49C2-884B-3CBCF1BD8965}.Debug|Any CPU.Build.0 = Debug|Any CPU
		{217C7557-E63D-49C2-884B-3CBCF1BD8965}.Release|Any CPU.ActiveCfg = Release|Any CPU
		{217C7557-E63D-49C2-884B-3CBCF1BD8965}.Release|Any CPU.Build.0 = Release|Any CPU
		{9FAD29D8-BCE5-445B-85B7-67121BA9E193}.Debug|Any CPU.ActiveCfg = Debug|Any CPU
		{9FAD29D8-BCE5-445B-85B7-67121BA9E193}.Debug|Any CPU.Build.0 = Debug|Any CPU
		{9FAD29D8-BCE5-445B-85B7-67121BA9E193}.Release|Any CPU.ActiveCfg = Release|Any CPU
		{9FAD29D8-BCE5-445B-85B7-67121BA9E193}.Release|Any CPU.Build.0 = Release|Any CPU
		{8BBEEDF4-A040-4384-886A-389EEE286C55}.Debug|Any CPU.ActiveCfg = Debug|Any CPU
		{8BBEEDF4-A040-4384-886A-389EEE286C55}.Debug|Any CPU.Build.0 = Debug|Any CPU
		{8BBEEDF4-A040-4384-886A-389EEE286C55}.Release|Any CPU.ActiveCfg = Release|Any CPU
		{8BBEEDF4-A040-4384-886A-389EEE286C55}.Release|Any CPU.Build.0 = Release|Any CPU
	EndGlobalSection
	GlobalSection(SolutionProperties) = preSolution
		HideSolutionNode = FALSE
	EndGlobalSection
	GlobalSection(NestedProjects) = preSolution
		{217C7557-E63D-49C2-884B-3CBCF1BD8965} = {7DDDF991-314B-42F6-A2FE-F6398FD22A32}
		{9FAD29D8-BCE5-445B-85B7-67121BA9E193} = {7DDDF991-314B-42F6-A2FE-F6398FD22A32}
	EndGlobalSection
	GlobalSection(ExtensibilityGlobals) = postSolution
		SolutionGuid = {1DC8A0EC-2980-4054-BC12-0BFA217D07AF}
	EndGlobalSection
EndGlobal
