
Microsoft Visual Studio Solution File, Format Version 12.00
# Visual Studio Version 17
VisualStudioVersion = 17.11.35208.52
MinimumVisualStudioVersion = 10.0.40219.1
Project("{9A19103F-16F7-4668-BE54-9A1E7A4F7556}") = "CreamsConsole-Utilities", "CreamsConsole-Utilities.csproj", "{5FA6CD6A-DA38-4E95-9AEE-7A116C9D011B}"
EndProject
Project("{9A19103F-16F7-4668-BE54-9A1E7A4F7556}") = "funcbardemo", "..\funcbardemo\funcbardemo.csproj", "{59A0979A-C209-440C-97CC-B4343BD38E8E}"
EndProject
Project("{9A19103F-16F7-4668-BE54-9A1E7A4F7556}") = "selectionmenuDemo", "..\selectionmenuDemo\selectionmenuDemo.csproj", "{852E2FBF-71A6-430C-9345-789112D2B28B}"
	ProjectSection(ProjectDependencies) = postProject
		{5FA6CD6A-DA38-4E95-9AEE-7A116C9D011B} = {5FA6CD6A-DA38-4E95-9AEE-7A116C9D011B}
	EndProjectSection
EndProject
Project("{9A19103F-16F7-4668-BE54-9A1E7A4F7556}") = "SelectionMultiMenuDemo", "..\SelectionMultiMenuDemo\SelectionMultiMenuDemo.csproj", "{8A634F3F-7618-45FC-B5AB-3A86E8D9F710}"
EndProject
Project("{9A19103F-16F7-4668-BE54-9A1E7A4F7556}") = "InlineColorDemo", "..\InlineColorDemo\InlineColorDemo.csproj", "{0054E31F-B711-434F-96BD-9EC0E8F55F66}"
EndProject
Project("{9A19103F-16F7-4668-BE54-9A1E7A4F7556}") = "TableDemo", "..\Ansidemo\TableDemo.csproj", "{8C4FD766-5341-411D-ACDA-CA57767DB03C}"
EndProject
Global
	GlobalSection(SolutionConfigurationPlatforms) = preSolution
		Debug|Any CPU = Debug|Any CPU
		Release|Any CPU = Release|Any CPU
	EndGlobalSection
	GlobalSection(ProjectConfigurationPlatforms) = postSolution
		{5FA6CD6A-DA38-4E95-9AEE-7A116C9D011B}.Debug|Any CPU.ActiveCfg = Debug|Any CPU
		{5FA6CD6A-DA38-4E95-9AEE-7A116C9D011B}.Debug|Any CPU.Build.0 = Debug|Any CPU
		{5FA6CD6A-DA38-4E95-9AEE-7A116C9D011B}.Release|Any CPU.ActiveCfg = Release|Any CPU
		{5FA6CD6A-DA38-4E95-9AEE-7A116C9D011B}.Release|Any CPU.Build.0 = Release|Any CPU
		{59A0979A-C209-440C-97CC-B4343BD38E8E}.Debug|Any CPU.ActiveCfg = Debug|Any CPU
		{59A0979A-C209-440C-97CC-B4343BD38E8E}.Debug|Any CPU.Build.0 = Debug|Any CPU
		{59A0979A-C209-440C-97CC-B4343BD38E8E}.Release|Any CPU.ActiveCfg = Release|Any CPU
		{59A0979A-C209-440C-97CC-B4343BD38E8E}.Release|Any CPU.Build.0 = Release|Any CPU
		{852E2FBF-71A6-430C-9345-789112D2B28B}.Debug|Any CPU.ActiveCfg = Debug|Any CPU
		{852E2FBF-71A6-430C-9345-789112D2B28B}.Debug|Any CPU.Build.0 = Debug|Any CPU
		{852E2FBF-71A6-430C-9345-789112D2B28B}.Release|Any CPU.ActiveCfg = Release|Any CPU
		{852E2FBF-71A6-430C-9345-789112D2B28B}.Release|Any CPU.Build.0 = Release|Any CPU
		{8A634F3F-7618-45FC-B5AB-3A86E8D9F710}.Debug|Any CPU.ActiveCfg = Debug|Any CPU
		{8A634F3F-7618-45FC-B5AB-3A86E8D9F710}.Debug|Any CPU.Build.0 = Debug|Any CPU
		{8A634F3F-7618-45FC-B5AB-3A86E8D9F710}.Release|Any CPU.ActiveCfg = Release|Any CPU
		{8A634F3F-7618-45FC-B5AB-3A86E8D9F710}.Release|Any CPU.Build.0 = Release|Any CPU
		{0054E31F-B711-434F-96BD-9EC0E8F55F66}.Debug|Any CPU.ActiveCfg = Debug|Any CPU
		{0054E31F-B711-434F-96BD-9EC0E8F55F66}.Debug|Any CPU.Build.0 = Debug|Any CPU
		{0054E31F-B711-434F-96BD-9EC0E8F55F66}.Release|Any CPU.ActiveCfg = Release|Any CPU
		{0054E31F-B711-434F-96BD-9EC0E8F55F66}.Release|Any CPU.Build.0 = Release|Any CPU
		{8C4FD766-5341-411D-ACDA-CA57767DB03C}.Debug|Any CPU.ActiveCfg = Debug|Any CPU
		{8C4FD766-5341-411D-ACDA-CA57767DB03C}.Debug|Any CPU.Build.0 = Debug|Any CPU
		{8C4FD766-5341-411D-ACDA-CA57767DB03C}.Release|Any CPU.ActiveCfg = Release|Any CPU
		{8C4FD766-5341-411D-ACDA-CA57767DB03C}.Release|Any CPU.Build.0 = Release|Any CPU
	EndGlobalSection
	GlobalSection(SolutionProperties) = preSolution
		HideSolutionNode = FALSE
	EndGlobalSection
	GlobalSection(ExtensibilityGlobals) = postSolution
		SolutionGuid = {1DC8A0EC-2980-4054-BC12-0BFA217D07AF}
	EndGlobalSection
EndGlobal
